
Microsoft Visual Studio Solution File, Format Version 12.00
# Visual Studio 14
VisualStudioVersion = 14.0.25420.1
MinimumVisualStudioVersion = 10.0.40219.1
Project("{FAE04EC0-301F-11D3-BF4B-00C04F79EFBC}") = "SafetyKatz", "SafetyKatz\SafetyKatz.csproj", "{8347E81B-89FC-42A9-B22C-F59A6A572DEC}"
EndProject
Global
	GlobalSection(SolutionConfigurationPlatforms) = preSolution
		Debug|Any CPU = Debug|Any CPU
		Release|Any CPU = Release|Any CPU
	EndGlobalSection
	GlobalSection(ProjectConfigurationPlatforms) = postSolution
		{8347E81B-89FC-42A9-B22C-F59A6A572DEC}.Debug|Any CPU.ActiveCfg = Debug|Any CPU
		{8347E81B-89FC-42A9-B22C-F59A6A572DEC}.Debug|Any CPU.Build.0 = Debug|Any CPU
		{8347E81B-89FC-42A9-B22C-F59A6A572DEC}.Release|Any CPU.ActiveCfg = Release|Any CPU
		{8347E81B-89FC-42A9-B22C-F59A6A572DEC}.Release|Any CPU.Build.0 = Release|Any CPU
	EndGlobalSection
	GlobalSection(SolutionProperties) = preSolution
		HideSolutionNode = FALSE
	EndGlobalSection
EndGlobal
